
Microsoft Visual Studio Solution File, Format Version 12.00
# Visual Studio 15
VisualStudioVersion = 15.0.28010.2048
MinimumVisualStudioVersion = 10.0.40219.1
Project("{FAE04EC0-301F-11D3-BF4B-00C04F79EFBC}") = "EDennis.DataScaffolder", "EDennis.DataScaffolder\EDennis.DataScaffolder.csproj", "{3EC6898F-4BD9-4A57-86B0-384E9776967E}"
EndProject
Global
	GlobalSection(SolutionConfigurationPlatforms) = preSolution
		Debug|Any CPU = Debug|Any CPU
		Release|Any CPU = Release|Any CPU
	EndGlobalSection
	GlobalSection(ProjectConfigurationPlatforms) = postSolution
		{3EC6898F-4BD9-4A57-86B0-384E9776967E}.Debug|Any CPU.ActiveCfg = Debug|Any CPU
		{3EC6898F-4BD9-4A57-86B0-384E9776967E}.Debug|Any CPU.Build.0 = Debug|Any CPU
		{3EC6898F-4BD9-4A57-86B0-384E9776967E}.Release|Any CPU.ActiveCfg = Release|Any CPU
		{3EC6898F-4BD9-4A57-86B0-384E9776967E}.Release|Any CPU.Build.0 = Release|Any CPU
	EndGlobalSection
	GlobalSection(SolutionProperties) = preSolution
		HideSolutionNode = FALSE
	EndGlobalSection
	GlobalSection(ExtensibilityGlobals) = postSolution
		SolutionGuid = {E06734AC-D639-46FC-9A62-67A42C159397}
	EndGlobalSection
EndGlobal
